
Microsoft Visual Studio Solution File, Format Version 12.00
# Visual Studio Version 17
VisualStudioVersion = 17.7.34024.191
MinimumVisualStudioVersion = 10.0.40219.1
Project("{FAE04EC0-301F-11D3-BF4B-00C04F79EFBC}") = "MATTI-blue", "MATTI-blue\MATTI-blue.csproj", "{71867B1E-DEFE-493F-96BB-4D6547B92AD5}"
EndProject
Global
	GlobalSection(SolutionConfigurationPlatforms) = preSolution
		Debug|Any CPU = Debug|Any CPU
		Release|Any CPU = Release|Any CPU
	EndGlobalSection
	GlobalSection(ProjectConfigurationPlatforms) = postSolution
		{71867B1E-DEFE-493F-96BB-4D6547B92AD5}.Debug|Any CPU.ActiveCfg = Debug|Any CPU
		{71867B1E-DEFE-493F-96BB-4D6547B92AD5}.Debug|Any CPU.Build.0 = Debug|Any CPU
		{71867B1E-DEFE-493F-96BB-4D6547B92AD5}.Debug|Any CPU.Deploy.0 = Debug|Any CPU
		{71867B1E-DEFE-493F-96BB-4D6547B92AD5}.Release|Any CPU.ActiveCfg = Release|Any CPU
		{71867B1E-DEFE-493F-96BB-4D6547B92AD5}.Release|Any CPU.Build.0 = Release|Any CPU
		{71867B1E-DEFE-493F-96BB-4D6547B92AD5}.Release|Any CPU.Deploy.0 = Release|Any CPU
	EndGlobalSection
	GlobalSection(SolutionProperties) = preSolution
		HideSolutionNode = FALSE
	EndGlobalSection
	GlobalSection(ExtensibilityGlobals) = postSolution
		SolutionGuid = {5A13CED0-1E1B-421D-846E-31CA4AB9292B}
	EndGlobalSection
EndGlobal
