
Microsoft Visual Studio Solution File, Format Version 12.00
# Visual Studio Version 17
VisualStudioVersion = 17.7.34024.191
MinimumVisualStudioVersion = 10.0.40219.1
Project("{FAE04EC0-301F-11D3-BF4B-00C04F79EFBC}") = "mattiBlue", "mattiBlue\mattiBlue.csproj", "{ED55F90C-DF85-4866-B937-C4ED1C3CA85F}"
EndProject
Global
	GlobalSection(SolutionConfigurationPlatforms) = preSolution
		Debug|Any CPU = Debug|Any CPU
		Release|Any CPU = Release|Any CPU
	EndGlobalSection
	GlobalSection(ProjectConfigurationPlatforms) = postSolution
		{ED55F90C-DF85-4866-B937-C4ED1C3CA85F}.Debug|Any CPU.ActiveCfg = Debug|Any CPU
		{ED55F90C-DF85-4866-B937-C4ED1C3CA85F}.Debug|Any CPU.Build.0 = Debug|Any CPU
		{ED55F90C-DF85-4866-B937-C4ED1C3CA85F}.Debug|Any CPU.Deploy.0 = Debug|Any CPU
		{ED55F90C-DF85-4866-B937-C4ED1C3CA85F}.Release|Any CPU.ActiveCfg = Release|Any CPU
		{ED55F90C-DF85-4866-B937-C4ED1C3CA85F}.Release|Any CPU.Build.0 = Release|Any CPU
		{ED55F90C-DF85-4866-B937-C4ED1C3CA85F}.Release|Any CPU.Deploy.0 = Release|Any CPU
	EndGlobalSection
	GlobalSection(SolutionProperties) = preSolution
		HideSolutionNode = FALSE
	EndGlobalSection
	GlobalSection(ExtensibilityGlobals) = postSolution
		SolutionGuid = {43095D95-C02C-46BD-B1DC-0FE00C66E98B}
	EndGlobalSection
EndGlobal
